<Solution>
  <Folder Name="/Solution Items/">
    <File Path="README.md" />
    <File Path="pack.ps1" />
    <File Path="pack.sh" />
    <File Path="deploy-dev.ps1" />
    <File Path="LICENSE" />
  </Folder>
  <Project Path="src/DMXCore100.ShellyPlugin/DMXCore100.ShellyPlugin.csproj" />
  <Project Path="tests/DMXCore100.ShellyPlugin.Tests/DMXCore100.ShellyPlugin.Tests.csproj" />
</Solution>
